
Microsoft Visual Studio Solution File, Format Version 12.00
# Visual Studio Version 16
VisualStudioVersion = 16.0.29709.97
MinimumVisualStudioVersion = 10.0.40219.1
Project("{FAE04EC0-301F-11D3-BF4B-00C04F79EFBC}") = "Roulette Game", "Roulette Game.csproj", "{AA89048F-7577-456F-B5D2-3BC992E5880D}"
EndProject
Global
	GlobalSection(SolutionConfigurationPlatforms) = preSolution
		Debug|Any CPU = Debug|Any CPU
		Release|Any CPU = Release|Any CPU
	EndGlobalSection
	GlobalSection(ProjectConfigurationPlatforms) = postSolution
		{AA89048F-7577-456F-B5D2-3BC992E5880D}.Debug|Any CPU.ActiveCfg = Debug|Any CPU
		{AA89048F-7577-456F-B5D2-3BC992E5880D}.Debug|Any CPU.Build.0 = Debug|Any CPU
		{AA89048F-7577-456F-B5D2-3BC992E5880D}.Release|Any CPU.ActiveCfg = Release|Any CPU
		{AA89048F-7577-456F-B5D2-3BC992E5880D}.Release|Any CPU.Build.0 = Release|Any CPU
	EndGlobalSection
	GlobalSection(SolutionProperties) = preSolution
		HideSolutionNode = FALSE
	EndGlobalSection
	GlobalSection(ExtensibilityGlobals) = postSolution
		SolutionGuid = {133BB11A-FAC3-430E-AAAD-50D4CAB39598}
	EndGlobalSection
EndGlobal
